
Microsoft Visual Studio Solution File, Format Version 12.00
# Visual Studio Version 17
VisualStudioVersion = 17.9.34728.123
MinimumVisualStudioVersion = 10.0.40219.1
Project("{FAE04EC0-301F-11D3-BF4B-00C04F79EFBC}") = "IntroducaoPOO", "IntroducaoPOO.csproj", "{3666A2AF-FC25-4B9E-8B6E-4390C682A804}"
EndProject
Global
	GlobalSection(SolutionConfigurationPlatforms) = preSolution
		Debug|Any CPU = Debug|Any CPU
		Release|Any CPU = Release|Any CPU
	EndGlobalSection
	GlobalSection(ProjectConfigurationPlatforms) = postSolution
		{3666A2AF-FC25-4B9E-8B6E-4390C682A804}.Debug|Any CPU.ActiveCfg = Debug|Any CPU
		{3666A2AF-FC25-4B9E-8B6E-4390C682A804}.Debug|Any CPU.Build.0 = Debug|Any CPU
		{3666A2AF-FC25-4B9E-8B6E-4390C682A804}.Release|Any CPU.ActiveCfg = Release|Any CPU
		{3666A2AF-FC25-4B9E-8B6E-4390C682A804}.Release|Any CPU.Build.0 = Release|Any CPU
	EndGlobalSection
	GlobalSection(SolutionProperties) = preSolution
		HideSolutionNode = FALSE
	EndGlobalSection
	GlobalSection(ExtensibilityGlobals) = postSolution
		SolutionGuid = {13F0AD0F-9CDE-4531-918B-969F17764B28}
	EndGlobalSection
EndGlobal
