
Microsoft Visual Studio Solution File, Format Version 12.00
# Visual Studio Version 17
VisualStudioVersion = 17.9.34728.123
MinimumVisualStudioVersion = 10.0.40219.1
Project("{FAE04EC0-301F-11D3-BF4B-00C04F79EFBC}") = "EntradaDeDados", "EntradaDeDados.csproj", "{505CB2C4-CE9D-4738-A767-9EC66C554070}"
EndProject
Global
	GlobalSection(SolutionConfigurationPlatforms) = preSolution
		Debug|Any CPU = Debug|Any CPU
		Release|Any CPU = Release|Any CPU
	EndGlobalSection
	GlobalSection(ProjectConfigurationPlatforms) = postSolution
		{505CB2C4-CE9D-4738-A767-9EC66C554070}.Debug|Any CPU.ActiveCfg = Debug|Any CPU
		{505CB2C4-CE9D-4738-A767-9EC66C554070}.Debug|Any CPU.Build.0 = Debug|Any CPU
		{505CB2C4-CE9D-4738-A767-9EC66C554070}.Release|Any CPU.ActiveCfg = Release|Any CPU
		{505CB2C4-CE9D-4738-A767-9EC66C554070}.Release|Any CPU.Build.0 = Release|Any CPU
	EndGlobalSection
	GlobalSection(SolutionProperties) = preSolution
		HideSolutionNode = FALSE
	EndGlobalSection
	GlobalSection(ExtensibilityGlobals) = postSolution
		SolutionGuid = {12ACED5A-474D-4F3E-BAA9-90AAE445003D}
	EndGlobalSection
EndGlobal
